{
  "name": "keepItShort",
  "lockfileVersion": 3,
  "requires": true,
  "packages": {
    "": {
      "dependencies": {
        "@fluentui/react": "^8.111.2",
        "@types/office-js": "^1.0.343",
        "office-ui-fabric-react": "^7.204.0"
      }
    },
    "node_modules/@fluentui/date-time-utilities": {
      "version": "8.5.13",
      "resolved": "https://registry.npmjs.org/@fluentui/date-time-utilities/-/date-time-utilities-8.5.13.tgz",
      "integrity": "sha512-X3clbPKh0URkDj21QoARw6SNec7dWg7Gt7SkTlkVYFzmZUdC4ZIrYk3n36xKe3U1wcGp26EVmKjhAhB262ugpw==",
      "dependencies": {
        "@fluentui/set-version": "^8.2.11",
        "tslib": "^2.1.0"
      }
    },
    "node_modules/@fluentui/dom-utilities": {
      "version": "2.2.11",
      "resolved": "https://registry.npmjs.org/@fluentui/dom-utilities/-/dom-utilities-2.2.11.tgz",
      "integrity": "sha512-2tXfg7/9PXu9nfU72/P3o3waHEFEQtHUfQbVexUaYqNNAxMj6sOfsqpUx4vd5nPgO+grSWrl+spqlLN2yej51w==",
      "dependencies": {
        "@fluentui/set-version": "^8.2.11",
        "tslib": "^2.1.0"
      }
    },
    "node_modules/@fluentui/font-icons-mdl2": {
      "version": "8.5.24",
      "resolved": "https://registry.npmjs.org/@fluentui/font-icons-mdl2/-/font-icons-mdl2-8.5.24.tgz",
      "integrity": "sha512-x1MCt2lTb8aoRjV9pV69sotjPhQ8KEFzdF7l/1jBs8XaRdR6z392LsDKB4HwTlo3Grp8c/6Oykh8k/UWknh4sQ==",
      "dependencies": {
        "@fluentui/set-version": "^8.2.11",
        "@fluentui/style-utilities": "^8.9.17",
        "@fluentui/utilities": "^8.13.18",
        "tslib": "^2.1.0"
      }
    },
    "node_modules/@fluentui/foundation-legacy": {
      "version": "8.2.44",
      "resolved": "https://registry.npmjs.org/@fluentui/foundation-legacy/-/foundation-legacy-8.2.44.tgz",
      "integrity": "sha512-0k4ymfab0VLjZjWDYFnthOLcggQ2XkuB6fin/Qiui9mfXd4QQL4iwnIZqkvcFZDUnlZDW7Y7s5NGnSNGEvJSWQ==",
      "dependencies": {
        "@fluentui/merge-styles": "^8.5.12",
        "@fluentui/set-version": "^8.2.11",
        "@fluentui/style-utilities": "^8.9.17",
        "@fluentui/utilities": "^8.13.18",
        "tslib": "^2.1.0"
      },
      "peerDependencies": {
        "@types/react": ">=16.8.0 <19.0.0",
        "react": ">=16.8.0 <19.0.0"
      }
    },
    "node_modules/@fluentui/keyboard-key": {
      "version": "0.4.11",
      "resolved": "https://registry.npmjs.org/@fluentui/keyboard-key/-/keyboard-key-0.4.11.tgz",
      "integrity": "sha512-TVB/EloWado9AVp1niChgcdDOQAHGP5B30Dinmtfe7zi8OnstwPoxwFP6dHJDdpLQ6ZEUTaEHViSzvewl7Chag==",
      "dependencies": {
        "tslib": "^2.1.0"
      }
    },
    "node_modules/@fluentui/merge-styles": {
      "version": "8.5.12",
      "resolved": "https://registry.npmjs.org/@fluentui/merge-styles/-/merge-styles-8.5.12.tgz",
      "integrity": "sha512-ZnUo0YuMP7AYi68dkknFqVxopIAgbrUnqR/MZlemmRvBYyy1SMj1WQeHcoiLFA8mF8YKn7B+jxQgJbN2bfcrRw==",
      "dependencies": {
        "@fluentui/set-version": "^8.2.11",
        "tslib": "^2.1.0"
      }
    },
    "node_modules/@fluentui/react": {
      "version": "8.111.2",
      "resolved": "https://registry.npmjs.org/@fluentui/react/-/react-8.111.2.tgz",
      "integrity": "sha512-1mWewd6+9rUChaZwva0ZbywZxk4ao2/hPTmDSvMbeaJdzUWgaIGGJ7fJbC0oawuNXchakDuhRkixbjrUyOefLA==",
      "dependencies": {
        "@fluentui/date-time-utilities": "^8.5.13",
        "@fluentui/font-icons-mdl2": "^8.5.24",
        "@fluentui/foundation-legacy": "^8.2.44",
        "@fluentui/merge-styles": "^8.5.12",
        "@fluentui/react-focus": "^8.8.31",
        "@fluentui/react-hooks": "^8.6.29",
        "@fluentui/react-portal-compat-context": "^9.0.6",
        "@fluentui/react-window-provider": "^2.2.15",
        "@fluentui/set-version": "^8.2.11",
        "@fluentui/style-utilities": "^8.9.17",
        "@fluentui/theme": "^2.6.35",
        "@fluentui/utilities": "^8.13.18",
        "@microsoft/load-themed-styles": "^1.10.26",
        "tslib": "^2.1.0"
      },
      "peerDependencies": {
        "@types/react": ">=16.8.0 <19.0.0",
        "@types/react-dom": ">=16.8.0 <19.0.0",
        "react": ">=16.8.0 <19.0.0",
        "react-dom": ">=16.8.0 <19.0.0"
      }
    },
    "node_modules/@fluentui/react-compose": {
      "version": "0.19.24",
      "resolved": "https://registry.npmjs.org/@fluentui/react-compose/-/react-compose-0.19.24.tgz",
      "integrity": "sha512-4PO7WSIZjwBGObpknjK8d1+PhPHJGSlVSXKFHGEoBjLWVlCTMw6Xa1S4+3K6eE3TEBbe9rsqwwocMTFHjhWwtQ==",
      "dependencies": {
        "@types/classnames": "^2.2.9",
        "@uifabric/set-version": "^7.0.24",
        "@uifabric/utilities": "^7.38.2",
        "classnames": "^2.2.6",
        "tslib": "^1.10.0"
      },
      "peerDependencies": {
        "@types/react": ">=16.8.0 <18.0.0",
        "react": ">=16.8.0 <18.0.0"
      }
    },
    "node_modules/@fluentui/react-compose/node_modules/tslib": {
      "version": "1.14.1",
      "resolved": "https://registry.npmjs.org/tslib/-/tslib-1.14.1.tgz",
      "integrity": "sha512-Xni35NKzjgMrwevysHTCArtLDpPvye8zV/0E4EyYn43P7/7qvQwPh9BGkHewbMulVntbigmcT7rdX3BNo9wRJg=="
    },
    "node_modules/@fluentui/react-focus": {
      "version": "8.8.31",
      "resolved": "https://registry.npmjs.org/@fluentui/react-focus/-/react-focus-8.8.31.tgz",
      "integrity": "sha512-XCGVooD+n1EcE7B6X1+aS/g/3XRsisppmZZJbr+9uGmbac50KkpA1Y+48Qm99UfQRnF4lsXh85A8TE+FZJqwUA==",
      "dependencies": {
        "@fluentui/keyboard-key": "^0.4.11",
        "@fluentui/merge-styles": "^8.5.12",
        "@fluentui/set-version": "^8.2.11",
        "@fluentui/style-utilities": "^8.9.17",
        "@fluentui/utilities": "^8.13.18",
        "tslib": "^2.1.0"
      },
      "peerDependencies": {
        "@types/react": ">=16.8.0 <19.0.0",
        "react": ">=16.8.0 <19.0.0"
      }
    },
    "node_modules/@fluentui/react-hooks": {
      "version": "8.6.29",
      "resolved": "https://registry.npmjs.org/@fluentui/react-hooks/-/react-hooks-8.6.29.tgz",
      "integrity": "sha512-MeVevmGJtrYxdhoarrkVWE0Hs4XdzOc9A3tiOjMBIcwOvoOYOAoOELoHK/wuulPVwUn2R9Y+7JpJ6oCe4ImdJw==",
      "dependencies": {
        "@fluentui/react-window-provider": "^2.2.15",
        "@fluentui/set-version": "^8.2.11",
        "@fluentui/utilities": "^8.13.18",
        "tslib": "^2.1.0"
      },
      "peerDependencies": {
        "@types/react": ">=16.8.0 <19.0.0",
        "react": ">=16.8.0 <19.0.0"
      }
    },
    "node_modules/@fluentui/react-portal-compat-context": {
      "version": "9.0.7",
      "resolved": "https://registry.npmjs.org/@fluentui/react-portal-compat-context/-/react-portal-compat-context-9.0.7.tgz",
      "integrity": "sha512-WkHRCSyJXwHoDTCZxaoeZYEMQ/aiYO5FzEtJSuDrSxPB04bYKvVLUbSYhkeHVJEjOD7ajZgVN843oRsKJEabYA==",
      "dependencies": {
        "@swc/helpers": "^0.5.1"
      },
      "peerDependencies": {
        "@types/react": ">=16.14.0 <19.0.0",
        "react": ">=16.14.0 <19.0.0"
      }
    },
    "node_modules/@fluentui/react-stylesheets": {
      "version": "0.2.9",
      "resolved": "https://registry.npmjs.org/@fluentui/react-stylesheets/-/react-stylesheets-0.2.9.tgz",
      "integrity": "sha512-6GDU/cUEG/eJ4owqQXDWPmP5L1zNh2NLEDKdEzxd7cWtGnoXLeMjbs4vF4t5wYGzGaxZmUQILOvJdgCIuc9L9Q==",
      "dependencies": {
        "@uifabric/set-version": "^7.0.24",
        "tslib": "^1.10.0"
      },
      "peerDependencies": {
        "@types/react": ">=16.8.0 <18.0.0",
        "react": ">=16.8.0 <18.0.0"
      }
    },
    "node_modules/@fluentui/react-stylesheets/node_modules/tslib": {
      "version": "1.14.1",
      "resolved": "https://registry.npmjs.org/tslib/-/tslib-1.14.1.tgz",
      "integrity": "sha512-Xni35NKzjgMrwevysHTCArtLDpPvye8zV/0E4EyYn43P7/7qvQwPh9BGkHewbMulVntbigmcT7rdX3BNo9wRJg=="
    },
    "node_modules/@fluentui/react-theme-provider": {
      "version": "0.19.16",
      "resolved": "https://registry.npmjs.org/@fluentui/react-theme-provider/-/react-theme-provider-0.19.16.tgz",
      "integrity": "sha512-Kf7z4ZfNLS/onaFL5eQDSlizgwy2ytn6SDyjEKV+9VhxIXdDtOh8AaMXWE7dsj1cRBfBUvuGPVnsnoaGdHxJ+A==",
      "dependencies": {
        "@fluentui/react-compose": "^0.19.24",
        "@fluentui/react-stylesheets": "^0.2.9",
        "@fluentui/react-window-provider": "^1.0.6",
        "@fluentui/theme": "^1.7.13",
        "@uifabric/merge-styles": "^7.20.2",
        "@uifabric/react-hooks": "^7.16.4",
        "@uifabric/set-version": "^7.0.24",
        "@uifabric/utilities": "^7.38.2",
        "classnames": "^2.2.6",
        "tslib": "^1.10.0"
      },
      "peerDependencies": {
        "@types/react": ">=16.8.0 <18.0.0",
        "react": ">=16.8.0 <18.0.0"
      }
    },
    "node_modules/@fluentui/react-theme-provider/node_modules/@fluentui/react-window-provider": {
      "version": "1.0.6",
      "resolved": "https://registry.npmjs.org/@fluentui/react-window-provider/-/react-window-provider-1.0.6.tgz",
      "integrity": "sha512-m2HoxhU2m/yWxUauf79y+XZvrrWNx+bMi7ZiL6DjiAKHjTSa8KOyvicbOXd/3dvuVzOaNTnLDdZAvhRFcelOIA==",
      "dependencies": {
        "@uifabric/set-version": "^7.0.24",
        "tslib": "^1.10.0"
      },
      "peerDependencies": {
        "@types/react": ">=16.8.0 <18.0.0",
        "@types/react-dom": ">=16.8.0 <18.0.0",
        "react": ">=16.8.0 <18.0.0",
        "react-dom": ">=16.8.0 <18.0.0"
      }
    },
    "node_modules/@fluentui/react-theme-provider/node_modules/@fluentui/theme": {
      "version": "1.7.13",
      "resolved": "https://registry.npmjs.org/@fluentui/theme/-/theme-1.7.13.tgz",
      "integrity": "sha512-/1ZDHZNzV7Wgohay47DL9TAH4uuib5+B2D6Rxoc3T6ULoWcFzwLeVb+VZB/WOCTUbG+NGTrmsWPBOz5+lbuOxA==",
      "dependencies": {
        "@uifabric/merge-styles": "^7.20.2",
        "@uifabric/set-version": "^7.0.24",
        "@uifabric/utilities": "^7.38.2",
        "tslib": "^1.10.0"
      },
      "peerDependencies": {
        "@types/react": ">=16.8.0 <18.0.0",
        "@types/react-dom": ">=16.8.0 <18.0.0",
        "react": ">=16.8.0 <18.0.0",
        "react-dom": ">=16.8.0 <18.0.0"
      }
    },
    "node_modules/@fluentui/react-theme-provider/node_modules/tslib": {
      "version": "1.14.1",
      "resolved": "https://registry.npmjs.org/tslib/-/tslib-1.14.1.tgz",
      "integrity": "sha512-Xni35NKzjgMrwevysHTCArtLDpPvye8zV/0E4EyYn43P7/7qvQwPh9BGkHewbMulVntbigmcT7rdX3BNo9wRJg=="
    },
    "node_modules/@fluentui/react-window-provider": {
      "version": "2.2.15",
      "resolved": "https://registry.npmjs.org/@fluentui/react-window-provider/-/react-window-provider-2.2.15.tgz",
      "integrity": "sha512-RraWvRe7wakpPJRBX2tlCV/cybOKiqLJ1UBLPNf5xq7ZIs0T0g/hh3G3Zb5teOeipjuRnl6srkdDUT9Dy9wrBg==",
      "dependencies": {
        "@fluentui/set-version": "^8.2.11",
        "tslib": "^2.1.0"
      },
      "peerDependencies": {
        "@types/react": ">=16.8.0 <19.0.0",
        "react": ">=16.8.0 <19.0.0"
      }
    },
    "node_modules/@fluentui/set-version": {
      "version": "8.2.11",
      "resolved": "https://registry.npmjs.org/@fluentui/set-version/-/set-version-8.2.11.tgz",
      "integrity": "sha512-UI03tysau/adBO1a3q4uFZWQ3lfkiFcAWIFng4k5odWcCokfCm5IxA0urKqj5W5JRYdyoBUaq8QbcNGkFB4dCw==",
      "dependencies": {
        "tslib": "^2.1.0"
      }
    },
    "node_modules/@fluentui/style-utilities": {
      "version": "8.9.17",
      "resolved": "https://registry.npmjs.org/@fluentui/style-utilities/-/style-utilities-8.9.17.tgz",
      "integrity": "sha512-wMeLw3MSIotx1EzDYTMWFx03iZqR/YBaUt1FR2oamt+zz3HKiproNR9xNKEQmszNFUDDAZJL9XhLVp1iNlS88A==",
      "dependencies": {
        "@fluentui/merge-styles": "^8.5.12",
        "@fluentui/set-version": "^8.2.11",
        "@fluentui/theme": "^2.6.35",
        "@fluentui/utilities": "^8.13.18",
        "@microsoft/load-themed-styles": "^1.10.26",
        "tslib": "^2.1.0"
      }
    },
    "node_modules/@fluentui/theme": {
      "version": "2.6.35",
      "resolved": "https://registry.npmjs.org/@fluentui/theme/-/theme-2.6.35.tgz",
      "integrity": "sha512-8EusEcEX/9gA1H0vVYZX0q+na88cPrS8Cs2XPlN056Xtzzrbgl6qFRJ79aiJaZ8Oq6TkcASn1gfgyUTz6fbMng==",
      "dependencies": {
        "@fluentui/merge-styles": "^8.5.12",
        "@fluentui/set-version": "^8.2.11",
        "@fluentui/utilities": "^8.13.18",
        "tslib": "^2.1.0"
      },
      "peerDependencies": {
        "@types/react": ">=16.8.0 <19.0.0",
        "react": ">=16.8.0 <19.0.0"
      }
    },
    "node_modules/@fluentui/utilities": {
      "version": "8.13.18",
      "resolved": "https://registry.npmjs.org/@fluentui/utilities/-/utilities-8.13.18.tgz",
      "integrity": "sha512-/0rX9EzltLKwU1SS14VV7agWoOzruVTU3oagZq1QgFAvoj8qi7fNqvSX/VEeRy+0gmbsCkrEViUPkmC7drKzPg==",
      "dependencies": {
        "@fluentui/dom-utilities": "^2.2.11",
        "@fluentui/merge-styles": "^8.5.12",
        "@fluentui/set-version": "^8.2.11",
        "tslib": "^2.1.0"
      },
      "peerDependencies": {
        "@types/react": ">=16.8.0 <19.0.0",
        "react": ">=16.8.0 <19.0.0"
      }
    },
    "node_modules/@microsoft/load-themed-styles": {
      "version": "1.10.295",
      "resolved": "https://registry.npmjs.org/@microsoft/load-themed-styles/-/load-themed-styles-1.10.295.tgz",
      "integrity": "sha512-W+IzEBw8a6LOOfRJM02dTT7BDZijxm+Z7lhtOAz1+y9vQm1Kdz9jlAO+qCEKsfxtUOmKilW8DIRqFw2aUgKeGg=="
    },
    "node_modules/@swc/helpers": {
      "version": "0.5.2",
      "resolved": "https://registry.npmjs.org/@swc/helpers/-/helpers-0.5.2.tgz",
      "integrity": "sha512-E4KcWTpoLHqwPHLxidpOqQbcrZVgi0rsmmZXUle1jXmJfuIf/UWpczUJ7MZZ5tlxytgJXyp0w4PGkkeLiuIdZw==",
      "dependencies": {
        "tslib": "^2.4.0"
      }
    },
    "node_modules/@types/classnames": {
      "version": "2.3.1",
      "resolved": "https://registry.npmjs.org/@types/classnames/-/classnames-2.3.1.tgz",
      "integrity": "sha512-zeOWb0JGBoVmlQoznvqXbE0tEC/HONsnoUNH19Hc96NFsTAwTXbTqb8FMYkru1F/iqp7a18Ws3nWJvtA1sHD1A==",
      "deprecated": "This is a stub types definition. classnames provides its own type definitions, so you do not need this installed.",
      "dependencies": {
        "classnames": "*"
      }
    },
    "node_modules/@types/office-js": {
      "version": "1.0.343",
      "resolved": "https://registry.npmjs.org/@types/office-js/-/office-js-1.0.343.tgz",
      "integrity": "sha512-PO043+YWb0xfO8m3VZ9T/EScynj1p3a83j0cYzfjwd6xOQGzGbm9ysvnYlQhNpwPBHQEZR3hvyx0qdMR27jyBA=="
    },
    "node_modules/@types/prop-types": {
      "version": "15.7.6",
      "resolved": "https://registry.npmjs.org/@types/prop-types/-/prop-types-15.7.6.tgz",
      "integrity": "sha512-RK/kBbYOQQHLYj9Z95eh7S6t7gq4Ojt/NT8HTk8bWVhA5DaF+5SMnxHKkP4gPNN3wAZkKP+VjAf0ebtYzf+fxg==",
      "peer": true
    },
    "node_modules/@types/react": {
      "version": "17.0.65",
      "resolved": "https://registry.npmjs.org/@types/react/-/react-17.0.65.tgz",
      "integrity": "sha512-oxur785xZYHvnI7TRS61dXbkIhDPnGfsXKv0cNXR/0ml4SipRIFpSMzA7HMEfOywFwJ5AOnPrXYTEiTRUQeGlQ==",
      "peer": true,
      "dependencies": {
        "@types/prop-types": "*",
        "@types/scheduler": "*",
        "csstype": "^3.0.2"
      }
    },
    "node_modules/@types/react-dom": {
      "version": "17.0.20",
      "resolved": "https://registry.npmjs.org/@types/react-dom/-/react-dom-17.0.20.tgz",
      "integrity": "sha512-4pzIjSxDueZZ90F52mU3aPoogkHIoSIDG+oQ+wQK7Cy2B9S+MvOqY0uEA/qawKz381qrEDkvpwyt8Bm31I8sbA==",
      "peer": true,
      "dependencies": {
        "@types/react": "^17"
      }
    },
    "node_modules/@types/scheduler": {
      "version": "0.16.3",
      "resolved": "https://registry.npmjs.org/@types/scheduler/-/scheduler-0.16.3.tgz",
      "integrity": "sha512-5cJ8CB4yAx7BH1oMvdU0Jh9lrEXyPkar6F9G/ERswkCuvP4KQZfZkSjcMbAICCpQTN4OuZn8tz0HiKv9TGZgrQ==",
      "peer": true
    },
    "node_modules/@uifabric/foundation": {
      "version": "7.10.16",
      "resolved": "https://registry.npmjs.org/@uifabric/foundation/-/foundation-7.10.16.tgz",
      "integrity": "sha512-x13xS9aKh6FEWsyQP2jrjyiXmUUdgyuAfWKMLhUTK4Rsc+vJANwwVk4fqGsU021WA6pghcIirvEVpWf5MlykDQ==",
      "dependencies": {
        "@uifabric/merge-styles": "^7.20.2",
        "@uifabric/set-version": "^7.0.24",
        "@uifabric/styling": "^7.25.1",
        "@uifabric/utilities": "^7.38.2",
        "tslib": "^1.10.0"
      },
      "peerDependencies": {
        "@types/react": ">=16.8.0 <18.0.0",
        "@types/react-dom": ">=16.8.0 <18.0.0",
        "react": ">=16.8.0 <18.0.0",
        "react-dom": ">=16.8.0 <18.0.0"
      }
    },
    "node_modules/@uifabric/foundation/node_modules/tslib": {
      "version": "1.14.1",
      "resolved": "https://registry.npmjs.org/tslib/-/tslib-1.14.1.tgz",
      "integrity": "sha512-Xni35NKzjgMrwevysHTCArtLDpPvye8zV/0E4EyYn43P7/7qvQwPh9BGkHewbMulVntbigmcT7rdX3BNo9wRJg=="
    },
    "node_modules/@uifabric/icons": {
      "version": "7.9.5",
      "resolved": "https://registry.npmjs.org/@uifabric/icons/-/icons-7.9.5.tgz",
      "integrity": "sha512-0e2fEURtR7sNqoGr9gU/pzcOp24B/Lkdc05s1BSnIgXlaL2QxRszfaEsl3/E9vsNmqA3tvRwDJWbtRolDbjCpQ==",
      "dependencies": {
        "@uifabric/set-version": "^7.0.24",
        "@uifabric/styling": "^7.25.1",
        "@uifabric/utilities": "^7.38.2",
        "tslib": "^1.10.0"
      }
    },
    "node_modules/@uifabric/icons/node_modules/tslib": {
      "version": "1.14.1",
      "resolved": "https://registry.npmjs.org/tslib/-/tslib-1.14.1.tgz",
      "integrity": "sha512-Xni35NKzjgMrwevysHTCArtLDpPvye8zV/0E4EyYn43P7/7qvQwPh9BGkHewbMulVntbigmcT7rdX3BNo9wRJg=="
    },
    "node_modules/@uifabric/merge-styles": {
      "version": "7.20.2",
      "resolved": "https://registry.npmjs.org/@uifabric/merge-styles/-/merge-styles-7.20.2.tgz",
      "integrity": "sha512-cJy8hW9smlWOKgz9xSDMCz/A0yMl4mdo466pcGlIOn84vz+e94grfA7OoTuTzg3Cl0Gj6ODBSf1o0ZwIXYL1Xg==",
      "dependencies": {
        "@uifabric/set-version": "^7.0.24",
        "tslib": "^1.10.0"
      }
    },
    "node_modules/@uifabric/merge-styles/node_modules/tslib": {
      "version": "1.14.1",
      "resolved": "https://registry.npmjs.org/tslib/-/tslib-1.14.1.tgz",
      "integrity": "sha512-Xni35NKzjgMrwevysHTCArtLDpPvye8zV/0E4EyYn43P7/7qvQwPh9BGkHewbMulVntbigmcT7rdX3BNo9wRJg=="
    },
    "node_modules/@uifabric/react-hooks": {
      "version": "7.16.4",
      "resolved": "https://registry.npmjs.org/@uifabric/react-hooks/-/react-hooks-7.16.4.tgz",
      "integrity": "sha512-k8RJYTMICWA6varT5Y+oCf2VDHHXN0tC2GuPD4I2XqYCTLaXtNCm4+dMcVA2x8mv1HIO7khvm/8aqKheU/tDfQ==",
      "dependencies": {
        "@fluentui/react-window-provider": "^1.0.6",
        "@uifabric/set-version": "^7.0.24",
        "@uifabric/utilities": "^7.38.2",
        "tslib": "^1.10.0"
      },
      "peerDependencies": {
        "@types/react": ">=16.8.0 <18.0.0",
        "@types/react-dom": ">=16.8.0 <18.0.0",
        "react": ">=16.8.0 <18.0.0",
        "react-dom": ">=16.8.0 <18.0.0"
      }
    },
    "node_modules/@uifabric/react-hooks/node_modules/@fluentui/react-window-provider": {
      "version": "1.0.6",
      "resolved": "https://registry.npmjs.org/@fluentui/react-window-provider/-/react-window-provider-1.0.6.tgz",
      "integrity": "sha512-m2HoxhU2m/yWxUauf79y+XZvrrWNx+bMi7ZiL6DjiAKHjTSa8KOyvicbOXd/3dvuVzOaNTnLDdZAvhRFcelOIA==",
      "dependencies": {
        "@uifabric/set-version": "^7.0.24",
        "tslib": "^1.10.0"
      },
      "peerDependencies": {
        "@types/react": ">=16.8.0 <18.0.0",
        "@types/react-dom": ">=16.8.0 <18.0.0",
        "react": ">=16.8.0 <18.0.0",
        "react-dom": ">=16.8.0 <18.0.0"
      }
    },
    "node_modules/@uifabric/react-hooks/node_modules/tslib": {
      "version": "1.14.1",
      "resolved": "https://registry.npmjs.org/tslib/-/tslib-1.14.1.tgz",
      "integrity": "sha512-Xni35NKzjgMrwevysHTCArtLDpPvye8zV/0E4EyYn43P7/7qvQwPh9BGkHewbMulVntbigmcT7rdX3BNo9wRJg=="
    },
    "node_modules/@uifabric/set-version": {
      "version": "7.0.24",
      "resolved": "https://registry.npmjs.org/@uifabric/set-version/-/set-version-7.0.24.tgz",
      "integrity": "sha512-t0Pt21dRqdC707/ConVJC0WvcQ/KF7tKLU8AZY7YdjgJpMHi1c0C427DB4jfUY19I92f60LOQyhJ4efH+KpFEg==",
      "dependencies": {
        "tslib": "^1.10.0"
      }
    },
    "node_modules/@uifabric/set-version/node_modules/tslib": {
      "version": "1.14.1",
      "resolved": "https://registry.npmjs.org/tslib/-/tslib-1.14.1.tgz",
      "integrity": "sha512-Xni35NKzjgMrwevysHTCArtLDpPvye8zV/0E4EyYn43P7/7qvQwPh9BGkHewbMulVntbigmcT7rdX3BNo9wRJg=="
    },
    "node_modules/@uifabric/styling": {
      "version": "7.25.1",
      "resolved": "https://registry.npmjs.org/@uifabric/styling/-/styling-7.25.1.tgz",
      "integrity": "sha512-bd4QDYyb0AS0+KmzrB8VsAfOkxZg0dpEpF1YN5Ben10COmT8L1DoE4bEF5NvybHEaoTd3SKxpJ42m+ceNzehSw==",
      "dependencies": {
        "@fluentui/theme": "^1.7.13",
        "@microsoft/load-themed-styles": "^1.10.26",
        "@uifabric/merge-styles": "^7.20.2",
        "@uifabric/set-version": "^7.0.24",
        "@uifabric/utilities": "^7.38.2",
        "tslib": "^1.10.0"
      }
    },
    "node_modules/@uifabric/styling/node_modules/@fluentui/theme": {
      "version": "1.7.13",
      "resolved": "https://registry.npmjs.org/@fluentui/theme/-/theme-1.7.13.tgz",
      "integrity": "sha512-/1ZDHZNzV7Wgohay47DL9TAH4uuib5+B2D6Rxoc3T6ULoWcFzwLeVb+VZB/WOCTUbG+NGTrmsWPBOz5+lbuOxA==",
      "dependencies": {
        "@uifabric/merge-styles": "^7.20.2",
        "@uifabric/set-version": "^7.0.24",
        "@uifabric/utilities": "^7.38.2",
        "tslib": "^1.10.0"
      },
      "peerDependencies": {
        "@types/react": ">=16.8.0 <18.0.0",
        "@types/react-dom": ">=16.8.0 <18.0.0",
        "react": ">=16.8.0 <18.0.0",
        "react-dom": ">=16.8.0 <18.0.0"
      }
    },
    "node_modules/@uifabric/styling/node_modules/tslib": {
      "version": "1.14.1",
      "resolved": "https://registry.npmjs.org/tslib/-/tslib-1.14.1.tgz",
      "integrity": "sha512-Xni35NKzjgMrwevysHTCArtLDpPvye8zV/0E4EyYn43P7/7qvQwPh9BGkHewbMulVntbigmcT7rdX3BNo9wRJg=="
    },
    "node_modules/@uifabric/utilities": {
      "version": "7.38.2",
      "resolved": "https://registry.npmjs.org/@uifabric/utilities/-/utilities-7.38.2.tgz",
      "integrity": "sha512-5yM4sm142VEBg3/Q5SFheBXqnrZi9CNF5rjHNoex0GgGtG3AHPuS7U8gjm+/Io1MvbuCrn6lyyIw0MDvh1Ebkw==",
      "dependencies": {
        "@fluentui/dom-utilities": "^1.1.2",
        "@uifabric/merge-styles": "^7.20.2",
        "@uifabric/set-version": "^7.0.24",
        "prop-types": "^15.7.2",
        "tslib": "^1.10.0"
      },
      "peerDependencies": {
        "@types/react": ">=16.8.0 <18.0.0",
        "@types/react-dom": ">=16.8.0 <18.0.0",
        "react": ">=16.8.0 <18.0.0",
        "react-dom": ">=16.8.0 <18.0.0"
      }
    },
    "node_modules/@uifabric/utilities/node_modules/@fluentui/dom-utilities": {
      "version": "1.1.2",
      "resolved": "https://registry.npmjs.org/@fluentui/dom-utilities/-/dom-utilities-1.1.2.tgz",
      "integrity": "sha512-XqPS7l3YoMwxdNlaYF6S2Mp0K3FmVIOIy2K3YkMc+eRxu9wFK6emr2Q/3rBhtG5u/On37NExRT7/5CTLnoi9gw==",
      "dependencies": {
        "@uifabric/set-version": "^7.0.24",
        "tslib": "^1.10.0"
      }
    },
    "node_modules/@uifabric/utilities/node_modules/tslib": {
      "version": "1.14.1",
      "resolved": "https://registry.npmjs.org/tslib/-/tslib-1.14.1.tgz",
      "integrity": "sha512-Xni35NKzjgMrwevysHTCArtLDpPvye8zV/0E4EyYn43P7/7qvQwPh9BGkHewbMulVntbigmcT7rdX3BNo9wRJg=="
    },
    "node_modules/classnames": {
      "version": "2.3.2",
      "resolved": "https://registry.npmjs.org/classnames/-/classnames-2.3.2.tgz",
      "integrity": "sha512-CSbhY4cFEJRe6/GQzIk5qXZ4Jeg5pcsP7b5peFSDpffpe1cqjASH/n9UTjBwOp6XpMSTwQ8Za2K5V02ueA7Tmw=="
    },
    "node_modules/csstype": {
      "version": "3.1.2",
      "resolved": "https://registry.npmjs.org/csstype/-/csstype-3.1.2.tgz",
      "integrity": "sha512-I7K1Uu0MBPzaFKg4nI5Q7Vs2t+3gWWW648spaF+Rg7pI9ds18Ugn+lvg4SHczUdKlHI5LWBXyqfS8+DufyBsgQ==",
      "peer": true
    },
    "node_modules/js-tokens": {
      "version": "4.0.0",
      "resolved": "https://registry.npmjs.org/js-tokens/-/js-tokens-4.0.0.tgz",
      "integrity": "sha512-RdJUflcE3cUzKiMqQgsCu06FPu9UdIJO0beYbPhHN4k6apgJtifcoCtT9bcxOpYBtpD2kCM6Sbzg4CausW/PKQ=="
    },
    "node_modules/loose-envify": {
      "version": "1.4.0",
      "resolved": "https://registry.npmjs.org/loose-envify/-/loose-envify-1.4.0.tgz",
      "integrity": "sha512-lyuxPGr/Wfhrlem2CL/UcnUc1zcqKAImBDzukY7Y5F/yQiNdko6+fRLevlw1HgMySw7f611UIY408EtxRSoK3Q==",
      "dependencies": {
        "js-tokens": "^3.0.0 || ^4.0.0"
      },
      "bin": {
        "loose-envify": "cli.js"
      }
    },
    "node_modules/object-assign": {
      "version": "4.1.1",
      "resolved": "https://registry.npmjs.org/object-assign/-/object-assign-4.1.1.tgz",
      "integrity": "sha512-rJgTQnkUnH1sFw8yT6VSU3zD3sWmu6sZhIseY8VX+GRu3P6F7Fu+JNDoXfklElbLJSnc3FUQHVe4cU5hj+BcUg==",
      "engines": {
        "node": ">=0.10.0"
      }
    },
    "node_modules/office-ui-fabric-react": {
      "version": "7.204.0",
      "resolved": "https://registry.npmjs.org/office-ui-fabric-react/-/office-ui-fabric-react-7.204.0.tgz",
      "integrity": "sha512-W1xIsYEwxPrGYojvVtGTGvSfdnUoPEm8w6hhMlW/uFr5YwIB1isG/dVk4IZxWbcbea7612u059p+jRf+RjPW0w==",
      "dependencies": {
        "@fluentui/date-time-utilities": "^7.9.1",
        "@fluentui/react-focus": "^7.18.17",
        "@fluentui/react-theme-provider": "^0.19.16",
        "@fluentui/react-window-provider": "^1.0.6",
        "@fluentui/theme": "^1.7.13",
        "@microsoft/load-themed-styles": "^1.10.26",
        "@uifabric/foundation": "^7.10.16",
        "@uifabric/icons": "^7.9.5",
        "@uifabric/merge-styles": "^7.20.2",
        "@uifabric/react-hooks": "^7.16.4",
        "@uifabric/set-version": "^7.0.24",
        "@uifabric/styling": "^7.25.1",
        "@uifabric/utilities": "^7.38.2",
        "prop-types": "^15.7.2",
        "tslib": "^1.10.0"
      },
      "peerDependencies": {
        "@types/react": ">=16.8.0 <18.0.0",
        "@types/react-dom": ">=16.8.0 <18.0.0",
        "react": ">=16.8.0 <18.0.0",
        "react-dom": ">=16.8.0 <18.0.0"
      }
    },
    "node_modules/office-ui-fabric-react/node_modules/@fluentui/date-time-utilities": {
      "version": "7.9.1",
      "resolved": "https://registry.npmjs.org/@fluentui/date-time-utilities/-/date-time-utilities-7.9.1.tgz",
      "integrity": "sha512-o8iU1VIY+QsqVRWARKiky29fh4KR1xaKSgMClXIi65qkt8EDDhjmlzL0KVDEoDA2GWukwb/1PpaVCWDg4v3cUQ==",
      "dependencies": {
        "@uifabric/set-version": "^7.0.24",
        "tslib": "^1.10.0"
      }
    },
    "node_modules/office-ui-fabric-react/node_modules/@fluentui/keyboard-key": {
      "version": "0.2.17",
      "resolved": "https://registry.npmjs.org/@fluentui/keyboard-key/-/keyboard-key-0.2.17.tgz",
      "integrity": "sha512-iT1bU56rKrKEOfODoW6fScY11qj3iaYrZ+z11T6fo5+TDm84UGkkXjLXJTE57ZJzg0/gbccHQWYv+chY7bJN8Q==",
      "dependencies": {
        "tslib": "^1.10.0"
      }
    },
    "node_modules/office-ui-fabric-react/node_modules/@fluentui/react-focus": {
      "version": "7.18.17",
      "resolved": "https://registry.npmjs.org/@fluentui/react-focus/-/react-focus-7.18.17.tgz",
      "integrity": "sha512-W+sLIhX7wLzMsJ0jhBrDAblkG3DNbRbF8UoSieRVdAAm7xVf5HpiwJ6tb6nGqcFOnpRh8y+fjyVM+dV3K6GNHA==",
      "dependencies": {
        "@fluentui/keyboard-key": "^0.2.12",
        "@uifabric/merge-styles": "^7.20.2",
        "@uifabric/set-version": "^7.0.24",
        "@uifabric/styling": "^7.25.1",
        "@uifabric/utilities": "^7.38.2",
        "tslib": "^1.10.0"
      },
      "peerDependencies": {
        "@types/react": ">=16.8.0 <18.0.0",
        "@types/react-dom": ">=16.8.0 <18.0.0",
        "react": ">=16.8.0 <18.0.0",
        "react-dom": ">=16.8.0 <18.0.0"
      }
    },
    "node_modules/office-ui-fabric-react/node_modules/@fluentui/react-window-provider": {
      "version": "1.0.6",
      "resolved": "https://registry.npmjs.org/@fluentui/react-window-provider/-/react-window-provider-1.0.6.tgz",
      "integrity": "sha512-m2HoxhU2m/yWxUauf79y+XZvrrWNx+bMi7ZiL6DjiAKHjTSa8KOyvicbOXd/3dvuVzOaNTnLDdZAvhRFcelOIA==",
      "dependencies": {
        "@uifabric/set-version": "^7.0.24",
        "tslib": "^1.10.0"
      },
      "peerDependencies": {
        "@types/react": ">=16.8.0 <18.0.0",
        "@types/react-dom": ">=16.8.0 <18.0.0",
        "react": ">=16.8.0 <18.0.0",
        "react-dom": ">=16.8.0 <18.0.0"
      }
    },
    "node_modules/office-ui-fabric-react/node_modules/@fluentui/theme": {
      "version": "1.7.13",
      "resolved": "https://registry.npmjs.org/@fluentui/theme/-/theme-1.7.13.tgz",
      "integrity": "sha512-/1ZDHZNzV7Wgohay47DL9TAH4uuib5+B2D6Rxoc3T6ULoWcFzwLeVb+VZB/WOCTUbG+NGTrmsWPBOz5+lbuOxA==",
      "dependencies": {
        "@uifabric/merge-styles": "^7.20.2",
        "@uifabric/set-version": "^7.0.24",
        "@uifabric/utilities": "^7.38.2",
        "tslib": "^1.10.0"
      },
      "peerDependencies": {
        "@types/react": ">=16.8.0 <18.0.0",
        "@types/react-dom": ">=16.8.0 <18.0.0",
        "react": ">=16.8.0 <18.0.0",
        "react-dom": ">=16.8.0 <18.0.0"
      }
    },
    "node_modules/office-ui-fabric-react/node_modules/tslib": {
      "version": "1.14.1",
      "resolved": "https://registry.npmjs.org/tslib/-/tslib-1.14.1.tgz",
      "integrity": "sha512-Xni35NKzjgMrwevysHTCArtLDpPvye8zV/0E4EyYn43P7/7qvQwPh9BGkHewbMulVntbigmcT7rdX3BNo9wRJg=="
    },
    "node_modules/prop-types": {
      "version": "15.8.1",
      "resolved": "https://registry.npmjs.org/prop-types/-/prop-types-15.8.1.tgz",
      "integrity": "sha512-oj87CgZICdulUohogVAR7AjlC0327U4el4L6eAvOqCeudMDVU0NThNaV+b9Df4dXgSP1gXMTnPdhfe/2qDH5cg==",
      "dependencies": {
        "loose-envify": "^1.4.0",
        "object-assign": "^4.1.1",
        "react-is": "^16.13.1"
      }
    },
    "node_modules/react": {
      "version": "17.0.2",
      "resolved": "https://registry.npmjs.org/react/-/react-17.0.2.tgz",
      "integrity": "sha512-gnhPt75i/dq/z3/6q/0asP78D0u592D5L1pd7M8P+dck6Fu/jJeL6iVVK23fptSUZj8Vjf++7wXA8UNclGQcbA==",
      "peer": true,
      "dependencies": {
        "loose-envify": "^1.1.0",
        "object-assign": "^4.1.1"
      },
      "engines": {
        "node": ">=0.10.0"
      }
    },
    "node_modules/react-dom": {
      "version": "17.0.2",
      "resolved": "https://registry.npmjs.org/react-dom/-/react-dom-17.0.2.tgz",
      "integrity": "sha512-s4h96KtLDUQlsENhMn1ar8t2bEa+q/YAtj8pPPdIjPDGBDIVNsrD9aXNWqspUe6AzKCIG0C1HZZLqLV7qpOBGA==",
      "peer": true,
      "dependencies": {
        "loose-envify": "^1.1.0",
        "object-assign": "^4.1.1",
        "scheduler": "^0.20.2"
      },
      "peerDependencies": {
        "react": "17.0.2"
      }
    },
    "node_modules/react-is": {
      "version": "16.13.1",
      "resolved": "https://registry.npmjs.org/react-is/-/react-is-16.13.1.tgz",
      "integrity": "sha512-24e6ynE2H+OKt4kqsOvNd8kBpV65zoxbA4BVsEOB3ARVWQki/DHzaUoC5KuON/BiccDaCCTZBuOcfZs70kR8bQ=="
    },
    "node_modules/scheduler": {
      "version": "0.20.2",
      "resolved": "https://registry.npmjs.org/scheduler/-/scheduler-0.20.2.tgz",
      "integrity": "sha512-2eWfGgAqqWFGqtdMmcL5zCMK1U8KlXv8SQFGglL3CEtd0aDVDWgeF/YoCmvln55m5zSk3J/20hTaSBeSObsQDQ==",
      "peer": true,
      "dependencies": {
        "loose-envify": "^1.1.0",
        "object-assign": "^4.1.1"
      }
    },
    "node_modules/tslib": {
      "version": "2.6.2",
      "resolved": "https://registry.npmjs.org/tslib/-/tslib-2.6.2.tgz",
      "integrity": "sha512-AEYxH93jGFPn/a2iVAwW87VuUIkR1FVUKB77NwMF7nBTDkDrrT/Hpt/IrCJ0QXhW27jTBDcf5ZY7w6RiqTMw2Q=="
    }
  }
}
